<?xml version="1.0" encoding="utf-8"?>
<Project ToolsVersion="4.0" xmlns="http://schemas.microsoft.com/developer/msbuild/2003">
  <ItemGroup>
    <ClCompile Include="Source\Log.cpp">
      <Filter>Source\Utils</Filter>
    </ClCompile>
    <ClCompile Include="Source\External\PugiXml\src\pugixml.cpp">
      <Filter>Source\External\PugiXml</Filter>
    </ClCompile>
    <ClCompile Include="Source\SceneEasings.cpp">
      <Filter>Source\Easings_Splines\Scenes</Filter>
    </ClCompile>
    <ClCompile Include="Source\Audio.cpp">
      <Filter>Source\Core</Filter>
    </ClCompile>
    <ClCompile Include="Source\Fonts.cpp">
      <Filter>Source\Core</Filter>
    </ClCompile>
    <ClCompile Include="Source\Input.cpp">
      <Filter>Source\Core</Filter>
    </ClCompile>
    <ClCompile Include="Source\Render.cpp">
      <Filter>Source\Core</Filter>
    </ClCompile>
    <ClCompile Include="Source\Textures.cpp">
      <Filter>Source\Core</Filter>
    </ClCompile>
    <ClCompile Include="Source\Window.cpp">
      <Filter>Source\Core</Filter>
    </ClCompile>
    <ClCompile Include="Source\App.cpp">
      <Filter>Source\App</Filter>
    </ClCompile>
    <ClCompile Include="Source\Main.cpp">
      <Filter>Source\App</Filter>
    </ClCompile>
    <ClCompile Include="Source\Easing.cpp">
      <Filter>Source\Easings_Splines\Class</Filter>
    </ClCompile>
    <ClCompile Include="Source\SceneSplines.cpp">
      <Filter>Source\Easings_Splines\Scenes</Filter>
    </ClCompile>
    <ClCompile Include="Source\Spline.cpp">
      <Filter>Source\Easings_Splines\Class</Filter>
    </ClCompile>
    <ClCompile Include="Source\SceneUIAnimation.cpp">
      <Filter>Source\Easings_Splines\Scenes</Filter>
    </ClCompile>
    <ClCompile Include="Source\PerfTimer.cpp">
      <Filter>Source\Utils</Filter>
    </ClCompile>
    <ClCompile Include="Source\Timer.cpp">
      <Filter>Source\Utils</Filter>
    </ClCompile>
  </ItemGroup>
  <ItemGroup>
    <ClInclude Include="Source\Defs.h">
      <Filter>Source\Utils</Filter>
    </ClInclude>
    <ClInclude Include="Source\DynArray.h">
      <Filter>Source\Utils</Filter>
    </ClInclude>
    <ClInclude Include="Source\List.h">
      <Filter>Source\Utils</Filter>
    </ClInclude>
    <ClInclude Include="Source\Log.h">
      <Filter>Source\Utils</Filter>
    </ClInclude>
    <ClInclude Include="Source\Point.h">
      <Filter>Source\Utils</Filter>
    </ClInclude>
    <ClInclude Include="Source\SString.h">
      <Filter>Source\Utils</Filter>
    </ClInclude>
    <ClInclude Include="Source\External\PugiXml\src\pugiconfig.hpp">
      <Filter>Source\External\PugiXml</Filter>
    </ClInclude>
    <ClInclude Include="Source\External\PugiXml\src\pugixml.hpp">
      <Filter>Source\External\PugiXml</Filter>
    </ClInclude>
    <ClInclude Include="Source\Queue.h">
      <Filter>Source\Utils</Filter>
    </ClInclude>
    <ClInclude Include="Source\SceneEasings.h">
      <Filter>Source\Easings_Splines\Scenes</Filter>
    </ClInclude>
    <ClInclude Include="Source\Audio.h">
      <Filter>Source\Core</Filter>
    </ClInclude>
    <ClInclude Include="Source\Fonts.h">
      <Filter>Source\Core</Filter>
    </ClInclude>
    <ClInclude Include="Source\Input.h">
      <Filter>Source\Core</Filter>
    </ClInclude>
    <ClInclude Include="Source\Render.h">
      <Filter>Source\Core</Filter>
    </ClInclude>
    <ClInclude Include="Source\Textures.h">
      <Filter>Source\Core</Filter>
    </ClInclude>
    <ClInclude Include="Source\Window.h">
      <Filter>Source\Core</Filter>
    </ClInclude>
    <ClInclude Include="Source\App.h">
      <Filter>Source\App</Filter>
    </ClInclude>
    <ClInclude Include="Source\Module.h">
      <Filter>Source\Core</Filter>
    </ClInclude>
    <ClInclude Include="Source\Animation.h">
      <Filter>Source\Utils</Filter>
    </ClInclude>
    <ClInclude Include="Source\Easing.h">
      <Filter>Source\Easings_Splines\Class</Filter>
    </ClInclude>
    <ClInclude Include="Source\SceneSplines.h">
      <Filter>Source\Easings_Splines\Scenes</Filter>
    </ClInclude>
    <ClInclude Include="Source\Spline.h">
      <Filter>Source\Easings_Splines\Class</Filter>
    </ClInclude>
    <ClInclude Include="Source\SceneUIAnimation.h">
      <Filter>Source\Easings_Splines\Scenes</Filter>
    </ClInclude>
    <ClInclude Include="Source\PerfTimer.h">
      <Filter>Source\Utils</Filter>
    </ClInclude>
    <ClInclude Include="Source\Timer.h">
      <Filter>Source\Utils</Filter>
    </ClInclude>
  </ItemGroup>
  <ItemGroup>
    <Filter Include="Source">
      <UniqueIdentifier>{a7aa3d8b-3511-4e83-9121-df33e457f12e}</UniqueIdentifier>
    </Filter>
    <Filter Include="Source\Utils">
      <UniqueIdentifier>{2cad778a-d356-48b0-9fee-587f1bbb187e}</UniqueIdentifier>
    </Filter>
    <Filter Include="Source\External">
      <UniqueIdentifier>{83a966c7-b4bb-4eff-9c2c-3ff3c7b55a60}</UniqueIdentifier>
    </Filter>
    <Filter Include="Source\External\PugiXml">
      <UniqueIdentifier>{2855ff7f-53a1-413d-a75b-18b4ade921dd}</UniqueIdentifier>
    </Filter>
    <Filter Include="Source\App">
      <UniqueIdentifier>{c850660c-89c6-4ce5-b80f-0eec1b7a0ea9}</UniqueIdentifier>
    </Filter>
    <Filter Include="Source\Core">
      <UniqueIdentifier>{40d4bef8-e596-42f9-8791-da6f23fc7adb}</UniqueIdentifier>
    </Filter>
    <Filter Include="Source\Easings_Splines">
      <UniqueIdentifier>{a7c0ac6d-9519-4a16-8e17-d5b76c0391da}</UniqueIdentifier>
    </Filter>
    <Filter Include="Source\Easings_Splines\Scenes">
      <UniqueIdentifier>{77b439ab-5d20-4524-b05f-fb9fb4b741eb}</UniqueIdentifier>
    </Filter>
    <Filter Include="Source\Easings_Splines\Class">
      <UniqueIdentifier>{4a180320-d19c-4775-8fe9-cd0933eb85bc}</UniqueIdentifier>
    </Filter>
  </ItemGroup>
</Project>